
Microsoft Visual Studio Solution File, Format Version 12.00
# Visual Studio Version 16
VisualStudioVersion = 16.0.28803.452
MinimumVisualStudioVersion = 10.0.40219.1
Project("{9A19103F-16F7-4668-BE54-9A1E7A4F7556}") = "Valigator.Core", "Valigator.Core\Valigator.Core.csproj", "{32C3F649-F6D9-417B-A931-666B05D8F8E4}"
EndProject
Project("{9A19103F-16F7-4668-BE54-9A1E7A4F7556}") = "Valigator.Tests", "Valigator.Tests\Valigator.Tests.csproj", "{4955C6DA-6393-4121-8749-17BF2C1B2303}"
EndProject
Project("{9A19103F-16F7-4668-BE54-9A1E7A4F7556}") = "Valigator.Generator", "Valigator.Generator\Valigator.Generator.csproj", "{EFC4561D-301D-4426-832B-1EA63B30315C}"
EndProject
Project("{9A19103F-16F7-4668-BE54-9A1E7A4F7556}") = "Valigator.Newtonsoft.Json", "Valigator.Newtonsoft.Json\Valigator.Newtonsoft.Json.csproj", "{B7482DE6-5F9E-4430-8AD4-E0516C1D16FC}"
EndProject
Project("{9A19103F-16F7-4668-BE54-9A1E7A4F7556}") = "Valigator.TestApi", "Valigator.TestApi\Valigator.TestApi.csproj", "{1B464422-CE9E-4BFF-8841-8D95C82622D2}"
EndProject
Project("{9A19103F-16F7-4668-BE54-9A1E7A4F7556}") = "Valigator.AspNetCore", "Valigator.AspNetCore\Valigator.AspNetCore.csproj", "{DACB0B7F-884C-4293-9E26-427145C9F1DE}"
EndProject
Global
	GlobalSection(SolutionConfigurationPlatforms) = preSolution
		Debug|Any CPU = Debug|Any CPU
		Release|Any CPU = Release|Any CPU
	EndGlobalSection
	GlobalSection(ProjectConfigurationPlatforms) = postSolution
		{32C3F649-F6D9-417B-A931-666B05D8F8E4}.Debug|Any CPU.ActiveCfg = Debug|Any CPU
		{32C3F649-F6D9-417B-A931-666B05D8F8E4}.Debug|Any CPU.Build.0 = Debug|Any CPU
		{32C3F649-F6D9-417B-A931-666B05D8F8E4}.Release|Any CPU.ActiveCfg = Release|Any CPU
		{32C3F649-F6D9-417B-A931-666B05D8F8E4}.Release|Any CPU.Build.0 = Release|Any CPU
		{4955C6DA-6393-4121-8749-17BF2C1B2303}.Debug|Any CPU.ActiveCfg = Debug|Any CPU
		{4955C6DA-6393-4121-8749-17BF2C1B2303}.Debug|Any CPU.Build.0 = Debug|Any CPU
		{4955C6DA-6393-4121-8749-17BF2C1B2303}.Release|Any CPU.ActiveCfg = Release|Any CPU
		{4955C6DA-6393-4121-8749-17BF2C1B2303}.Release|Any CPU.Build.0 = Release|Any CPU
		{EFC4561D-301D-4426-832B-1EA63B30315C}.Debug|Any CPU.ActiveCfg = Debug|Any CPU
		{EFC4561D-301D-4426-832B-1EA63B30315C}.Debug|Any CPU.Build.0 = Debug|Any CPU
		{EFC4561D-301D-4426-832B-1EA63B30315C}.Release|Any CPU.ActiveCfg = Release|Any CPU
		{EFC4561D-301D-4426-832B-1EA63B30315C}.Release|Any CPU.Build.0 = Release|Any CPU
		{B7482DE6-5F9E-4430-8AD4-E0516C1D16FC}.Debug|Any CPU.ActiveCfg = Debug|Any CPU
		{B7482DE6-5F9E-4430-8AD4-E0516C1D16FC}.Debug|Any CPU.Build.0 = Debug|Any CPU
		{B7482DE6-5F9E-4430-8AD4-E0516C1D16FC}.Release|Any CPU.ActiveCfg = Release|Any CPU
		{B7482DE6-5F9E-4430-8AD4-E0516C1D16FC}.Release|Any CPU.Build.0 = Release|Any CPU
		{1B464422-CE9E-4BFF-8841-8D95C82622D2}.Debug|Any CPU.ActiveCfg = Debug|Any CPU
		{1B464422-CE9E-4BFF-8841-8D95C82622D2}.Debug|Any CPU.Build.0 = Debug|Any CPU
		{1B464422-CE9E-4BFF-8841-8D95C82622D2}.Release|Any CPU.ActiveCfg = Release|Any CPU
		{1B464422-CE9E-4BFF-8841-8D95C82622D2}.Release|Any CPU.Build.0 = Release|Any CPU
		{DACB0B7F-884C-4293-9E26-427145C9F1DE}.Debug|Any CPU.ActiveCfg = Debug|Any CPU
		{DACB0B7F-884C-4293-9E26-427145C9F1DE}.Debug|Any CPU.Build.0 = Debug|Any CPU
		{DACB0B7F-884C-4293-9E26-427145C9F1DE}.Release|Any CPU.ActiveCfg = Release|Any CPU
		{DACB0B7F-884C-4293-9E26-427145C9F1DE}.Release|Any CPU.Build.0 = Release|Any CPU
	EndGlobalSection
	GlobalSection(SolutionProperties) = preSolution
		HideSolutionNode = FALSE
	EndGlobalSection
	GlobalSection(ExtensibilityGlobals) = postSolution
		SolutionGuid = {A6C90724-4F3B-4764-8DD5-1C4CAD083884}
	EndGlobalSection
EndGlobal
