
Microsoft Visual Studio Solution File, Format Version 12.00
# Visual Studio Version 16
VisualStudioVersion = 16.0.28803.452
MinimumVisualStudioVersion = 10.0.40219.1
Project("{9A19103F-16F7-4668-BE54-9A1E7A4F7556}") = "Valigator.Core", "Valigator.Core\Valigator.Core.csproj", "{32C3F649-F6D9-417B-A931-666B05D8F8E4}"
EndProject
Project("{2150E333-8FDC-42A3-9474-1A3956D46DE8}") = "Tests", "Tests", "{137279B6-5BCB-4DBE-BE57-027755F6EF90}"
EndProject
Project("{9A19103F-16F7-4668-BE54-9A1E7A4F7556}") = "Valigator.Core.Tests", "Valigator.Core.Tests\Valigator.Core.Tests.csproj", "{9146D6BF-4ED4-4C29-BCA2-9A3A0CF8FBEE}"
EndProject
Project("{9A19103F-16F7-4668-BE54-9A1E7A4F7556}") = "Valigator.Validators", "Valigator.Validators\Valigator.Validators.csproj", "{FB278D4E-CE89-4C81-A55B-427D466FC337}"
EndProject
Project("{9A19103F-16F7-4668-BE54-9A1E7A4F7556}") = "Valigator.Models", "Valigator.Models\Valigator.Models.csproj", "{225B97D6-532C-44AD-9D4B-86C8FD1EA51B}"
EndProject
Project("{9A19103F-16F7-4668-BE54-9A1E7A4F7556}") = "Valigator.Models.Tests", "Valigator.Models.Tests\Valigator.Models.Tests.csproj", "{CDCD2BE6-469A-46D3-AF44-D4B5EFA8093A}"
EndProject
Project("{9A19103F-16F7-4668-BE54-9A1E7A4F7556}") = "Valigator.Validators.Tests", "Valigator.Validators.Tests\Valigator.Validators.Tests.csproj", "{EE3B0D1A-F97F-431D-93E3-2A8AAA92B04B}"
EndProject
Project("{9A19103F-16F7-4668-BE54-9A1E7A4F7556}") = "Valigator.Tests.Common", "Valigator.Tests.Common\Valigator.Tests.Common.csproj", "{F6C51DBF-4251-4ED0-AC63-B1943AC9F968}"
EndProject
Project("{9A19103F-16F7-4668-BE54-9A1E7A4F7556}") = "Valigator.Text.Json", "Valigator.Text.Json\Valigator.Text.Json.csproj", "{8AD92D37-3E31-4000-AB39-3952E2CB63CD}"
EndProject
Project("{9A19103F-16F7-4668-BE54-9A1E7A4F7556}") = "Valigator.Text.Json.Tests", "Valigator.Text.Json.Tests\Valigator.Text.Json.Tests.csproj", "{1971620E-23DD-4A17-8BE1-62220879DE10}"
EndProject
Project("{9A19103F-16F7-4668-BE54-9A1E7A4F7556}") = "Valigator.Models.Generator", "Valigator.Models.Generator\Valigator.Models.Generator.csproj", "{54917157-EE88-494A-97C0-195D81CD7070}"
EndProject
Project("{9A19103F-16F7-4668-BE54-9A1E7A4F7556}") = "Valigator.Models.Generator.Tests", "Valigator.Models.Generator.Tests\Valigator.Models.Generator.Tests.csproj", "{A86BCA52-AC6F-41FB-8978-2062A04C3250}"
	ProjectSection(ProjectDependencies) = postProject
		{503D3176-EE37-4CFE-93F2-B508BBA9CF08} = {503D3176-EE37-4CFE-93F2-B508BBA9CF08}
	EndProjectSection
EndProject
Project("{9A19103F-16F7-4668-BE54-9A1E7A4F7556}") = "Valigator.Models.Generator.Analyzers", "Valigator.Models.Generator.Analyzers\Valigator.Models.Generator.Analyzers.csproj", "{503D3176-EE37-4CFE-93F2-B508BBA9CF08}"
EndProject
Project("{FAE04EC0-301F-11D3-BF4B-00C04F79EFBC}") = "Valigator.Models.Generator.Analyzers.Tests", "Valigator.Models.Generator.Analyzers.Tests\Valigator.Models.Generator.Analyzers.Tests.csproj", "{662C81AD-38EF-4B10-B069-932B4B4430DC}"
EndProject
Global
	GlobalSection(SolutionConfigurationPlatforms) = preSolution
		Debug|Any CPU = Debug|Any CPU
		Release|Any CPU = Release|Any CPU
	EndGlobalSection
	GlobalSection(ProjectConfigurationPlatforms) = postSolution
		{32C3F649-F6D9-417B-A931-666B05D8F8E4}.Debug|Any CPU.ActiveCfg = Debug|Any CPU
		{32C3F649-F6D9-417B-A931-666B05D8F8E4}.Debug|Any CPU.Build.0 = Debug|Any CPU
		{32C3F649-F6D9-417B-A931-666B05D8F8E4}.Release|Any CPU.ActiveCfg = Release|Any CPU
		{32C3F649-F6D9-417B-A931-666B05D8F8E4}.Release|Any CPU.Build.0 = Release|Any CPU
		{9146D6BF-4ED4-4C29-BCA2-9A3A0CF8FBEE}.Debug|Any CPU.ActiveCfg = Debug|Any CPU
		{9146D6BF-4ED4-4C29-BCA2-9A3A0CF8FBEE}.Debug|Any CPU.Build.0 = Debug|Any CPU
		{9146D6BF-4ED4-4C29-BCA2-9A3A0CF8FBEE}.Release|Any CPU.ActiveCfg = Release|Any CPU
		{9146D6BF-4ED4-4C29-BCA2-9A3A0CF8FBEE}.Release|Any CPU.Build.0 = Release|Any CPU
		{FB278D4E-CE89-4C81-A55B-427D466FC337}.Debug|Any CPU.ActiveCfg = Debug|Any CPU
		{FB278D4E-CE89-4C81-A55B-427D466FC337}.Debug|Any CPU.Build.0 = Debug|Any CPU
		{FB278D4E-CE89-4C81-A55B-427D466FC337}.Release|Any CPU.ActiveCfg = Release|Any CPU
		{FB278D4E-CE89-4C81-A55B-427D466FC337}.Release|Any CPU.Build.0 = Release|Any CPU
		{225B97D6-532C-44AD-9D4B-86C8FD1EA51B}.Debug|Any CPU.ActiveCfg = Debug|Any CPU
		{225B97D6-532C-44AD-9D4B-86C8FD1EA51B}.Debug|Any CPU.Build.0 = Debug|Any CPU
		{225B97D6-532C-44AD-9D4B-86C8FD1EA51B}.Release|Any CPU.ActiveCfg = Release|Any CPU
		{225B97D6-532C-44AD-9D4B-86C8FD1EA51B}.Release|Any CPU.Build.0 = Release|Any CPU
		{CDCD2BE6-469A-46D3-AF44-D4B5EFA8093A}.Debug|Any CPU.ActiveCfg = Debug|Any CPU
		{CDCD2BE6-469A-46D3-AF44-D4B5EFA8093A}.Debug|Any CPU.Build.0 = Debug|Any CPU
		{CDCD2BE6-469A-46D3-AF44-D4B5EFA8093A}.Release|Any CPU.ActiveCfg = Release|Any CPU
		{CDCD2BE6-469A-46D3-AF44-D4B5EFA8093A}.Release|Any CPU.Build.0 = Release|Any CPU
		{EE3B0D1A-F97F-431D-93E3-2A8AAA92B04B}.Debug|Any CPU.ActiveCfg = Debug|Any CPU
		{EE3B0D1A-F97F-431D-93E3-2A8AAA92B04B}.Debug|Any CPU.Build.0 = Debug|Any CPU
		{EE3B0D1A-F97F-431D-93E3-2A8AAA92B04B}.Release|Any CPU.ActiveCfg = Release|Any CPU
		{EE3B0D1A-F97F-431D-93E3-2A8AAA92B04B}.Release|Any CPU.Build.0 = Release|Any CPU
		{F6C51DBF-4251-4ED0-AC63-B1943AC9F968}.Debug|Any CPU.ActiveCfg = Debug|Any CPU
		{F6C51DBF-4251-4ED0-AC63-B1943AC9F968}.Debug|Any CPU.Build.0 = Debug|Any CPU
		{F6C51DBF-4251-4ED0-AC63-B1943AC9F968}.Release|Any CPU.ActiveCfg = Release|Any CPU
		{F6C51DBF-4251-4ED0-AC63-B1943AC9F968}.Release|Any CPU.Build.0 = Release|Any CPU
		{8AD92D37-3E31-4000-AB39-3952E2CB63CD}.Debug|Any CPU.ActiveCfg = Debug|Any CPU
		{8AD92D37-3E31-4000-AB39-3952E2CB63CD}.Debug|Any CPU.Build.0 = Debug|Any CPU
		{8AD92D37-3E31-4000-AB39-3952E2CB63CD}.Release|Any CPU.ActiveCfg = Release|Any CPU
		{8AD92D37-3E31-4000-AB39-3952E2CB63CD}.Release|Any CPU.Build.0 = Release|Any CPU
		{1971620E-23DD-4A17-8BE1-62220879DE10}.Debug|Any CPU.ActiveCfg = Debug|Any CPU
		{1971620E-23DD-4A17-8BE1-62220879DE10}.Debug|Any CPU.Build.0 = Debug|Any CPU
		{1971620E-23DD-4A17-8BE1-62220879DE10}.Release|Any CPU.ActiveCfg = Release|Any CPU
		{1971620E-23DD-4A17-8BE1-62220879DE10}.Release|Any CPU.Build.0 = Release|Any CPU
		{54917157-EE88-494A-97C0-195D81CD7070}.Debug|Any CPU.ActiveCfg = Debug|Any CPU
		{54917157-EE88-494A-97C0-195D81CD7070}.Debug|Any CPU.Build.0 = Debug|Any CPU
		{54917157-EE88-494A-97C0-195D81CD7070}.Release|Any CPU.ActiveCfg = Release|Any CPU
		{54917157-EE88-494A-97C0-195D81CD7070}.Release|Any CPU.Build.0 = Release|Any CPU
		{A86BCA52-AC6F-41FB-8978-2062A04C3250}.Debug|Any CPU.ActiveCfg = Debug|Any CPU
		{A86BCA52-AC6F-41FB-8978-2062A04C3250}.Debug|Any CPU.Build.0 = Debug|Any CPU
		{A86BCA52-AC6F-41FB-8978-2062A04C3250}.Release|Any CPU.ActiveCfg = Release|Any CPU
		{A86BCA52-AC6F-41FB-8978-2062A04C3250}.Release|Any CPU.Build.0 = Release|Any CPU
		{503D3176-EE37-4CFE-93F2-B508BBA9CF08}.Debug|Any CPU.ActiveCfg = Debug|Any CPU
		{503D3176-EE37-4CFE-93F2-B508BBA9CF08}.Debug|Any CPU.Build.0 = Debug|Any CPU
		{503D3176-EE37-4CFE-93F2-B508BBA9CF08}.Release|Any CPU.ActiveCfg = Release|Any CPU
		{503D3176-EE37-4CFE-93F2-B508BBA9CF08}.Release|Any CPU.Build.0 = Release|Any CPU
		{662C81AD-38EF-4B10-B069-932B4B4430DC}.Debug|Any CPU.ActiveCfg = Debug|Any CPU
		{662C81AD-38EF-4B10-B069-932B4B4430DC}.Debug|Any CPU.Build.0 = Debug|Any CPU
		{662C81AD-38EF-4B10-B069-932B4B4430DC}.Release|Any CPU.ActiveCfg = Release|Any CPU
		{662C81AD-38EF-4B10-B069-932B4B4430DC}.Release|Any CPU.Build.0 = Release|Any CPU
	EndGlobalSection
	GlobalSection(SolutionProperties) = preSolution
		HideSolutionNode = FALSE
	EndGlobalSection
	GlobalSection(NestedProjects) = preSolution
		{9146D6BF-4ED4-4C29-BCA2-9A3A0CF8FBEE} = {137279B6-5BCB-4DBE-BE57-027755F6EF90}
		{CDCD2BE6-469A-46D3-AF44-D4B5EFA8093A} = {137279B6-5BCB-4DBE-BE57-027755F6EF90}
		{EE3B0D1A-F97F-431D-93E3-2A8AAA92B04B} = {137279B6-5BCB-4DBE-BE57-027755F6EF90}
		{F6C51DBF-4251-4ED0-AC63-B1943AC9F968} = {137279B6-5BCB-4DBE-BE57-027755F6EF90}
		{1971620E-23DD-4A17-8BE1-62220879DE10} = {137279B6-5BCB-4DBE-BE57-027755F6EF90}
		{A86BCA52-AC6F-41FB-8978-2062A04C3250} = {137279B6-5BCB-4DBE-BE57-027755F6EF90}
		{662C81AD-38EF-4B10-B069-932B4B4430DC} = {137279B6-5BCB-4DBE-BE57-027755F6EF90}
	EndGlobalSection
	GlobalSection(ExtensibilityGlobals) = postSolution
		SolutionGuid = {A6C90724-4F3B-4764-8DD5-1C4CAD083884}
	EndGlobalSection
EndGlobal
